[
  {
    "domain": ".avito.ru",
    "expirationDate": 1780642981,
    "hostOnly": false,
    "httpOnly": false,
    "name": "__ai_fp_uuid",
    "path": "/",
    "sameSite": "no_restriction",
    "secure": true,
    "session": false,
    "storeId": "0",
    "value": "521d4b99c7bc6a6a%3A8",
    "id": 1
  },
  {
    "domain": ".avito.ru",
    "expirationDate": 1783666981.95263,
    "hostOnly": false,
    "httpOnly": false,
    "name": "__upin",
    "path": "/",
    "sameSite": "unspecified",
    "secure": false,
    "session": false,
    "storeId": "0",
    "value": "7oRQ6DJLXA+jOpK6izm46A",
    "id": 2
  },
  {
    "domain": ".avito.ru",
    "expirationDate": 1780858515,
    "hostOnly": false,
    "httpOnly": false,
    "name": "__zzatw-avito",
    "path": "/",
    "sameSite": "unspecified",
    "secure": false,
    "session": false,
    "storeId": "0",
    "value": "MDA0dBA=Fz2+aQ==",
    "id": 3
  },
  {
    "domain": ".avito.ru",
    "expirationDate": 1749322632.415516,
    "hostOnly": false,
    "httpOnly": true,
    "name": "_avisc",
    "path": "/",
    "sameSite": "lax",
    "secure": true,
    "session": false,
    "storeId": "0",
    "value": "lDokrbhjfLlGRU22jEz8qTb52+V6M66gHe4YzqK+xEA=",
    "id": 4
  },
  {
    "domain": ".avito.ru",
    "expirationDate": 1783882522.061821,
    "hostOnly": false,
    "httpOnly": false,
    "name": "_ga",
    "path": "/",
    "sameSite": "unspecified",
    "secure": false,
    "session": false,
    "storeId": "0",
    "value": "GA1.1.1803359685.1726353297",
    "id": 5
  },
  {
    "domain": ".avito.ru",
    "expirationDate": 1783882522.061394,
    "hostOnly": false,
    "httpOnly": false,
    "name": "_ga_M29JC28873",
    "path": "/",
    "sameSite": "unspecified",
    "secure": false,
    "session": false,
    "storeId": "0",
    "value": "GS2.1.s1749322506$o61$g1$t1749322522$j44$l0$h0",
    "id": 6
  },
  {
    "domain": ".avito.ru",
    "expirationDate": 1783882506.515579,
    "hostOnly": false,
    "httpOnly": false,
    "name": "_ga_WW6Q1STJ8M",
    "path": "/",
    "sameSite": "unspecified",
    "secure": false,
    "session": false,
    "storeId": "0",
    "value": "GS2.1.s1749322506$o7$g0$t1749322506$j60$l0$h0",
    "id": 7
  },
  {
    "domain": ".avito.ru",
    "expirationDate": 1783882506.472523,
    "hostOnly": false,
    "httpOnly": false,
    "name": "_ga_ZJDLBTV49B",
    "path": "/",
    "sameSite": "unspecified",
    "secure": false,
    "session": false,
    "storeId": "0",
    "value": "GS2.1.s1749322506$o7$g0$t1749322506$j60$l0$h0",
    "id": 8
  },
  {
    "domain": ".avito.ru",
    "expirationDate": 1751665112,
    "hostOnly": false,
    "httpOnly": false,
    "name": "_gcl_au",
    "path": "/",
    "sameSite": "unspecified",
    "secure": false,
    "session": false,
    "storeId": "0",
    "value": "1.1.1854284571.1743889112",
    "id": 9
  },
  {
    "domain": ".avito.ru",
    "expirationDate": 1773938110,
    "hostOnly": false,
    "httpOnly": false,
    "name": "_ym_d",
    "path": "/",
    "sameSite": "no_restriction",
    "secure": true,
    "session": false,
    "storeId": "0",
    "value": "1742402110",
    "id": 10
  },
  {
    "domain": ".avito.ru",
    "expirationDate": 1749360080,
    "hostOnly": false,
    "httpOnly": false,
    "name": "_ym_isad",
    "path": "/",
    "sameSite": "no_restriction",
    "secure": true,
    "session": false,
    "storeId": "0",
    "value": "2",
    "id": 11
  },
  {
    "domain": ".avito.ru",
    "expirationDate": 1773938110,
    "hostOnly": false,
    "httpOnly": false,
    "name": "_ym_uid",
    "path": "/",
    "sameSite": "no_restriction",
    "secure": true,
    "session": false,
    "storeId": "0",
    "value": "1726353295580269502",
    "id": 12
  },
  {
    "domain": ".avito.ru",
    "expirationDate": 1749324318,
    "hostOnly": false,
    "httpOnly": false,
    "name": "_ym_visorc",
    "path": "/",
    "sameSite": "no_restriction",
    "secure": true,
    "session": false,
    "storeId": "0",
    "value": "b",
    "id": 13
  },
  {
    "domain": ".avito.ru",
    "expirationDate": 1783882504.666056,
    "hostOnly": false,
    "httpOnly": false,
    "name": "acs_3",
    "path": "/",
    "sameSite": "no_restriction",
    "secure": true,
    "session": false,
    "storeId": "0",
    "value": "%7B%22hash%22%3A%221aa3f9523ee6c2690cb34fc702d4143056487c0d%22%2C%22nst%22%3A1749408904662%2C%22sl%22%3A%7B%22224%22%3A1749322504662%2C%221228%22%3A1749322504662%7D%7D",
    "id": 14
  },
  {
    "domain": ".avito.ru",
    "expirationDate": 1783882522.06835,
    "hostOnly": false,
    "httpOnly": false,
    "name": "adrcid",
    "path": "/",
    "sameSite": "no_restriction",
    "secure": true,
    "session": false,
    "storeId": "0",
    "value": "A9Nni_sau7VvB3Yg1LKK8NA",
    "id": 15
  },
  {
    "domain": ".avito.ru",
    "expirationDate": 1783848082.528185,
    "hostOnly": false,
    "httpOnly": false,
    "name": "adrdel",
    "path": "/",
    "sameSite": "no_restriction",
    "secure": true,
    "session": false,
    "storeId": "0",
    "value": "1749288082527",
    "id": 16
  },
  {
    "domain": ".avito.ru",
    "expirationDate": 1763871006.839465,
    "hostOnly": false,
    "httpOnly": true,
    "name": "auth",
    "path": "/",
    "sameSite": "lax",
    "secure": true,
    "session": false,
    "storeId": "0",
    "value": "1",
    "id": 17
  },
  {
    "domain": ".avito.ru",
    "expirationDate": 1780858516.39663,
    "hostOnly": false,
    "httpOnly": true,
    "name": "buyer_laas_location",
    "path": "/",
    "sameSite": "lax",
    "secure": true,
    "session": false,
    "storeId": "0",
    "value": "644200",
    "id": 18
  },
  {
    "domain": ".avito.ru",
    "expirationDate": 1780858516.396692,
    "hostOnly": false,
    "httpOnly": true,
    "name": "buyer_location_id",
    "path": "/",
    "sameSite": "lax",
    "secure": true,
    "session": false,
    "storeId": "0",
    "value": "644200",
    "id": 19
  },
  {
    "domain": ".avito.ru",
    "expirationDate": 1780858515,
    "hostOnly": false,
    "httpOnly": false,
    "name": "cfidsw-avito",
    "path": "/",
    "sameSite": "unspecified",
    "secure": false,
    "session": false,
    "storeId": "0",
    "value": "I50w8iUCrIaDuiD7/K9vme746wcj9s5YherMHL5XP2Rd85R5SajpUQU+CfBX7uTpuTSHBYWdmpv+BO2He7eGpWaoT8fVlomB9K+ncUfdF5BLCI0C9JUGypNhUPcyU7cm8fb4o2nzymgpduV99U8O7eIBlYMPz6CjUmRCR9c=",
    "id": 20
  },
  {
    "domain": ".avito.ru",
    "expirationDate": 1749323107.065855,
    "hostOnly": false,
    "httpOnly": true,
    "name": "dfp_group",
    "path": "/",
    "sameSite": "lax",
    "secure": true,
    "session": false,
    "storeId": "0",
    "value": "14",
    "id": 21
  },
  {
    "domain": ".avito.ru",
    "expirationDate": 1749327883,
    "hostOnly": false,
    "httpOnly": false,
    "name": "f",
    "path": "/",
    "sameSite": "unspecified",
    "secure": false,
    "session": false,
    "storeId": "0",
    "value": "5.32e32548b6f3e978cc0065cb1b69001fe404c9a8ad2fd516e404c9a8ad2fd516e404c9a8ad2fd516e404c9a8ad2fd516d8b16176e03d2873d8b16176e03d2873d8b16176e03d2873e404c9a8ad2fd5160da5ab2fc5c813503d6c212bc3ab3fc346b8ae4e81acb9fa1a2a574992f83a9246b8ae4e81acb9fa46b8ae4e81acb9fae992ad2cc54b8aa8fbcd99d4b9f4cbda7778bd2c4ff5e29f085d5b6a45ae867378ba5f931b08c66aff38e8d292af81e50df103df0c26013a2ebf3cb6fd35a0ac91e52da22a560f550df103df0c26013a7b0d53c7afc06d0bba0ac8037e2b74f92da10fb74cac1eab71e7cb57bbcb8e0f71e7cb57bbcb8e0f71e7cb57bbcb8e0f0df103df0c26013a037e1fbb3ea05095de87ad3b397f946b4c41e97fe93686adecc9ea1e406218ca0e3c9b0f89004f105d3d12014bda85a4d1827388ec1b291524555ca710299615355bf51fd37651bd23be94e6ebed3f31a91940a5dfdfab0646b8ae4e81acb9fa46b8ae4e81acb9fa02c68186b443a7acde07b1582e73b66ba14f83fb46831bcf2da10fb74cac1eab2da10fb74cac1eab25037f810d2d41a8134ecdeb26beb8b53778cee096b7b985bf37df0d1894b088",
    "id": 22
  },
  {
    "domain": ".avito.ru",
    "expirationDate": 1749327883,
    "hostOnly": false,
    "httpOnly": false,
    "name": "ft",
    "path": "/",
    "sameSite": "unspecified",
    "secure": false,
    "session": false,
    "storeId": "0",
    "value": "\"rze8K8PbfluBvYozhgOie4/A/yMGuDR9TNuDl4oB42gQ/gDbjbQCvq1JOxbXUNoCa/ywhXe7V2ooKowS1EZAByIkuZTju9Qt/71xZz8UXXKUtb2FZO5Z0lcdL/OAIQZoWUAMWfn22Y3l/086qYYDFV8ZEYlkH+J6MmMeRT0aXXU4v4XwnU+8OaV1dV3TbGWV\"",
    "id": 23
  },
  {
    "domain": ".avito.ru",
    "expirationDate": 1749408972.39723,
    "hostOnly": false,
    "httpOnly": true,
    "name": "gMltIuegZN2COuSe",
    "path": "/",
    "sameSite": "lax",
    "secure": true,
    "session": false,
    "storeId": "0",
    "value": "EOFGWsm50bhh17prLqaIgdir1V0kgrvN",
    "id": 24
  },
  {
    "domain": ".avito.ru",
    "expirationDate": 1749323416.39677,
    "hostOnly": false,
    "httpOnly": true,
    "name": "isLegalPerson",
    "path": "/",
    "sameSite": "lax",
    "secure": true,
    "session": false,
    "storeId": "0",
    "value": "0",
    "id": 25
  },
  {
    "domain": ".avito.ru",
    "expirationDate": 1749408916.396664,
    "hostOnly": false,
    "httpOnly": true,
    "name": "luri",
    "path": "/",
    "sameSite": "lax",
    "secure": true,
    "session": false,
    "storeId": "0",
    "value": "perm",
    "id": 26
  },
  {
    "domain": ".avito.ru",
    "expirationDate": 1780858522.073457,
    "hostOnly": false,
    "httpOnly": false,
    "name": "ma_cid",
    "path": "/",
    "sameSite": "unspecified",
    "secure": false,
    "session": false,
    "storeId": "0",
    "value": "0118619591730302171",
    "id": 27
  },
  {
    "domain": ".avito.ru",
    "expirationDate": 1758229663.078041,
    "hostOnly": false,
    "httpOnly": false,
    "name": "ma_id",
    "path": "/",
    "sameSite": "no_restriction",
    "secure": true,
    "session": false,
    "storeId": "0",
    "value": "3287869391725308785695",
    "id": 28
  },
  {
    "domain": ".avito.ru",
    "expirationDate": 1770972056.043434,
    "hostOnly": false,
    "httpOnly": false,
    "name": "ma_prevVisId_3485699018",
    "path": "/",
    "sameSite": "no_restriction",
    "secure": true,
    "session": false,
    "storeId": "0",
    "value": "a9fc2b39763a83482b68be4fc524ea51",
    "id": 29
  },
  {
    "domain": ".avito.ru",
    "expirationDate": 1749408907,
    "hostOnly": false,
    "httpOnly": false,
    "name": "ma_ss_64a8dba6-67f3-4fe4-8625-257c4adae014",
    "path": "/",
    "sameSite": "unspecified",
    "secure": false,
    "session": false,
    "storeId": "0",
    "value": "1749322507197731685.38.1749322542.11.1749322507",
    "id": 30
  },
  {
    "domain": ".avito.ru",
    "expirationDate": 1751914521,
    "hostOnly": false,
    "httpOnly": false,
    "name": "pageviewCount",
    "path": "/",
    "sameSite": "unspecified",
    "secure": false,
    "session": false,
    "storeId": "0",
    "value": "127",
    "id": 31
  },
  {
    "domain": ".avito.ru",
    "expirationDate": 1780858516.396604,
    "hostOnly": false,
    "httpOnly": true,
    "name": "rt",
    "path": "/",
    "sameSite": "lax",
    "secure": false,
    "session": false,
    "storeId": "0",
    "value": "d8adfaa49932c64b1891903d3cc70ea9",
    "id": 32
  },
  {
    "domain": ".avito.ru",
    "expirationDate": 1780858516.396573,
    "hostOnly": false,
    "httpOnly": true,
    "name": "sessid",
    "path": "/",
    "sameSite": "lax",
    "secure": false,
    "session": false,
    "storeId": "0",
    "value": "eyJhbGciOiJIUzUxMiIsInR5cCI6IkpXVCJ9.eyJleHAiOjE3NDk0MDg5MTYsImlhdCI6MTc0OTMyMjUxNiwidSI6MjkyMjUxMTQ3LCJwIjoxMTE3MzAxOCwicyI6IjI2ZGYzZGE2YTE3ZTU4YTYwYWE2OWY3MWZiZTg4YWI2LjE3NDkzMjI1MTYiLCJoIjoiMzEyMjYxMDY5YWYxNmI2NmI4YzE5ZmIxNzNlMmJjZTBfMTc0OTMyMjUxNiIsInYiOmZhbHNlLCJleHRyYSI6bnVsbH0.LflfQaK6DRsSkFgqVawlDs45FyaOF69YeyVHJwTMHWiLy0vXOuJ7hDg56aU-G3A9EapXIrORHrntx5zvKYhdEg",
    "id": 33
  },
  {
    "domain": ".avito.ru",
    "expirationDate": 1760913256.203911,
    "hostOnly": false,
    "httpOnly": true,
    "name": "srv_id",
    "path": "/",
    "sameSite": "unspecified",
    "secure": true,
    "session": false,
    "storeId": "0",
    "value": "XQVQ5ZFfR4PLZjYn.w0zXCuj3Al2FdJ98wPO8CmJLNuYGlBhYE33bIEBtSFcHF3hKdkqAwxDBI_ISYzlvdjaz.SsjMYdz6dKeg_wRBk98MeysL6wiIy8b2B8iOMDgBaZc=.web",
    "id": 34
  },
  {
    "domain": ".avito.ru",
    "expirationDate": 1749927316.396718,
    "hostOnly": false,
    "httpOnly": true,
    "name": "sx",
    "path": "/",
    "sameSite": "lax",
    "secure": true,
    "session": false,
    "storeId": "0",
    "value": "H4sIAAAAAAAC%2F6pWMjMzM0tOMTdLszSzNDUzMbNMNU9KNbZMMTc1SE42T7FUsqpWKlOyUrIodE3Nr4jyKcv29PMLigxX0lFKVbIyNDexNDGwsDQ0q60FBAAA%2F%2F%2FbZBwqTAAAAA%3D%3D",
    "id": 35
  },
  {
    "domain": ".avito.ru",
    "expirationDate": 1778093722,
    "hostOnly": false,
    "httpOnly": false,
    "name": "tmr_lvid",
    "path": "/",
    "sameSite": "unspecified",
    "secure": false,
    "session": false,
    "storeId": "0",
    "value": "17cfacda24b2c9266217548b33900f42",
    "id": 36
  },
  {
    "domain": ".avito.ru",
    "expirationDate": 1778093722,
    "hostOnly": false,
    "httpOnly": false,
    "name": "tmr_lvidTS",
    "path": "/",
    "sameSite": "unspecified",
    "secure": false,
    "session": false,
    "storeId": "0",
    "value": "1726353297637",
    "id": 37
  },
  {
    "domain": ".avito.ru",
    "expirationDate": 1783617777.707482,
    "hostOnly": false,
    "httpOnly": true,
    "name": "u",
    "path": "/",
    "sameSite": "lax",
    "secure": true,
    "session": false,
    "storeId": "0",
    "value": "32oa3whi.19ewgys.1h38aqqxd5gw",
    "id": 38
  },
  {
    "domain": ".avito.ru",
    "expirationDate": 1760913297.20378,
    "hostOnly": false,
    "httpOnly": false,
    "name": "uxs_uid",
    "path": "/",
    "sameSite": "unspecified",
    "secure": false,
    "session": false,
    "storeId": "0",
    "value": "91def830-72e9-11ef-a1d1-07d5923291c4",
    "id": 39
  },
  {
    "domain": ".avito.ru",
    "expirationDate": 1749324372.415694,
    "hostOnly": false,
    "httpOnly": true,
    "name": "v",
    "path": "/",
    "sameSite": "lax",
    "secure": true,
    "session": false,
    "storeId": "0",
    "value": "1749322505",
    "id": 40
  },
  {
    "domain": ".www.avito.ru",
    "expirationDate": 1780858515,
    "hostOnly": false,
    "httpOnly": false,
    "name": "__zzatw-avito",
    "path": "/",
    "sameSite": "unspecified",
    "secure": false,
    "session": false,
    "storeId": "0",
    "value": "MDA0dBA=Fz2+aQ==",
    "id": 41
  },
  {
    "domain": ".www.avito.ru",
    "expirationDate": 1749711784,
    "hostOnly": false,
    "httpOnly": false,
    "name": "_buzz_aidata",
    "path": "/",
    "sameSite": "lax",
    "secure": false,
    "session": false,
    "storeId": "0",
    "value": "JTdCJTIydWZwJTIyJTNBJTIyN29SUTZESkxYQSUyQmpPcEs2aXptNDZBJTIyJTJDJTIyYnJvd3NlclZlcnNpb24lMjIlM0ElMjIxMzcuMCUyMiUyQyUyMnRzQ3JlYXRlZCUyMiUzQTE3NDkxMDY5ODE5NTIlN0Q=",
    "id": 42
  },
  {
    "domain": ".www.avito.ru",
    "expirationDate": 1764211773,
    "hostOnly": false,
    "httpOnly": false,
    "name": "_buzz_fpc",
    "path": "/",
    "sameSite": "lax",
    "secure": false,
    "session": false,
    "storeId": "0",
    "value": "JTdCJTIydmFsdWUlMjIlM0ElN0IlMjJ1ZnAlMjIlM0ElMjI2Nzc3ZTk4MWI0NTcxYWJmYjlkZjEwYTU2ZDQyZWM3ZSUyMiUyQyUyMmJyb3dzZXJWZXJzaW9uJTIyJTNBJTIyMTMxLjAlMjIlMkMlMjJ0c0NyZWF0ZWQlMjIlM0ExNzMyNjc1NzcwMDY2JTdEJTJDJTIycGF0aCUyMiUzQSUyMiUyRiUyMiUyQyUyMmRvbWFpbiUyMiUzQSUyMi53d3cuYXZpdG8ucnUlMjIlMkMlMjJleHBpcmVzJTIyJTNBJTIyVGh1JTJDJTIwMjclMjBOb3YlMjAyMDI1JTIwMDIlM0E0OSUzQTMzJTIwR01UJTIyJTJDJTIyU2FtZVNpdGUlMjIlM0ElMjJMYXglMjIlN0Q=",
    "id": 43
  },
  {
    "domain": ".www.avito.ru",
    "expirationDate": 1749711784,
    "hostOnly": false,
    "httpOnly": false,
    "name": "_buzz_mtsa",
    "path": "/",
    "sameSite": "lax",
    "secure": false,
    "session": false,
    "storeId": "0",
    "value": "JTdCJTIydWZwJTIyJTNBJTIyYTlmYzJiMzk3NjNhODM0ODJiNjhiZTRmYzUyNGVhNTElMjIlMkMlMjJicm93c2VyVmVyc2lvbiUyMiUzQSUyMjEzNy4wJTIyJTJDJTIydHNDcmVhdGVkJTIyJTNBMTc0OTEwNjk3ODUyMSU3RA==",
    "id": 44
  },
  {
    "domain": ".www.avito.ru",
    "expirationDate": 1783882504.665891,
    "hostOnly": false,
    "httpOnly": false,
    "name": "acs_3",
    "path": "/",
    "sameSite": "no_restriction",
    "secure": true,
    "session": false,
    "storeId": "0",
    "value": "%7B%22hash%22%3A%221aa3f9523ee6c2690cb34fc702d4143056487c0d%22%2C%22nst%22%3A1749408904662%2C%22sl%22%3A%7B%22224%22%3A1749322504662%2C%221228%22%3A1749322504662%7D%7D",
    "id": 45
  },
  {
    "domain": ".www.avito.ru",
    "expirationDate": 1783882522.068202,
    "hostOnly": false,
    "httpOnly": false,
    "name": "adrcid",
    "path": "/",
    "sameSite": "no_restriction",
    "secure": true,
    "session": false,
    "storeId": "0",
    "value": "A9Nni_sau7VvB3Yg1LKK8NA",
    "id": 46
  },
  {
    "domain": ".www.avito.ru",
    "expirationDate": 1783848082.528055,
    "hostOnly": false,
    "httpOnly": false,
    "name": "adrdel",
    "path": "/",
    "sameSite": "no_restriction",
    "secure": true,
    "session": false,
    "storeId": "0",
    "value": "1749288082527",
    "id": 47
  },
  {
    "domain": ".www.avito.ru",
    "expirationDate": 1780858515,
    "hostOnly": false,
    "httpOnly": false,
    "name": "cfidsw-avito",
    "path": "/",
    "sameSite": "unspecified",
    "secure": false,
    "session": false,
    "storeId": "0",
    "value": "I50w8iUCrIaDuiD7/K9vme746wcj9s5YherMHL5XP2Rd85R5SajpUQU+CfBX7uTpuTSHBYWdmpv+BO2He7eGpWaoT8fVlomB9K+ncUfdF5BLCI0C9JUGypNhUPcyU7cm8fb4o2nzymgpduV99U8O7eIBlYMPz6CjUmRCR9c=",
    "id": 48
  },
  {
    "domain": ".www.avito.ru",
    "expirationDate": 1749324332,
    "hostOnly": false,
    "httpOnly": false,
    "name": "csprefid",
    "path": "/",
    "sameSite": "no_restriction",
    "secure": true,
    "session": false,
    "storeId": "0",
    "value": "fca2df32-7926-4075-9c8c-ab391c764fb8",
    "id": 49
  },
  {
    "domain": ".www.avito.ru",
    "expirationDate": 1749324304,
    "hostOnly": false,
    "httpOnly": false,
    "name": "cssid",
    "path": "/",
    "sameSite": "no_restriction",
    "secure": true,
    "session": false,
    "storeId": "0",
    "value": "452023f3-c2c8-4fdb-be89-215f4f149bb8",
    "id": 50
  },
  {
    "domain": ".www.avito.ru",
    "expirationDate": 1749324304,
    "hostOnly": false,
    "httpOnly": false,
    "name": "cssid_exp",
    "path": "/",
    "sameSite": "no_restriction",
    "secure": true,
    "session": false,
    "storeId": "0",
    "value": "1749324304630",
    "id": 51
  },
  {
    "domain": "www.avito.ru",
    "hostOnly": true,
    "httpOnly": false,
    "name": "abp",
    "path": "/",
    "sameSite": "unspecified",
    "secure": false,
    "session": true,
    "storeId": "0",
    "value": "0",
    "id": 52
  },
  {
    "domain": "www.avito.ru",
    "hostOnly": true,
    "httpOnly": false,
    "name": "buyer_from_page",
    "path": "/",
    "sameSite": "unspecified",
    "secure": false,
    "session": true,
    "storeId": "0",
    "value": "main",
    "id": 53
  },
  {
    "domain": "www.avito.ru",
    "expirationDate": 1749322872.402261,
    "hostOnly": true,
    "httpOnly": false,
    "name": "cartCounter",
    "path": "/",
    "sameSite": "unspecified",
    "secure": false,
    "session": false,
    "storeId": "0",
    "value": "10",
    "id": 54
  },
  {
    "domain": "www.avito.ru",
    "expirationDate": 1780858515.536867,
    "hostOnly": true,
    "httpOnly": false,
    "name": "cfidsw-avito",
    "path": "/",
    "sameSite": "no_restriction",
    "secure": true,
    "session": false,
    "storeId": "0",
    "value": "LPG7u08agzwaQINUXtthCPCNmoTkbv+NatDI7V17cKsggW08laqK3CTkThZWV1aq69UI3jwF7rtQ+khIUdTPrxSrBBbWCFXzPnplW0Unr1H1FflSr/xMzH3Mx2Du16x1/vaT3BxzUgsUfbR5LF6zaju0DU2I6V6SelOn1NM=",
    "id": 55
  },
  {
    "domain": "www.avito.ru",
    "expirationDate": 1754290980,
    "hostOnly": true,
    "httpOnly": false,
    "name": "cookie_consent_shown",
    "path": "/",
    "sameSite": "unspecified",
    "secure": false,
    "session": false,
    "storeId": "0",
    "value": "1",
    "id": 56
  },
  {
    "domain": "www.avito.ru",
    "expirationDate": 1749846281.506829,
    "hostOnly": true,
    "httpOnly": false,
    "name": "domain_sid",
    "path": "/",
    "sameSite": "unspecified",
    "secure": false,
    "session": false,
    "storeId": "0",
    "value": "HY0uNNosPvM56tHBh3Hxv%3A1749241481506",
    "id": 57
  },
  {
    "domain": "www.avito.ru",
    "expirationDate": 1749333600,
    "hostOnly": true,
    "httpOnly": false,
    "name": "tc_unread_ttl",
    "path": "/",
    "sameSite": "unspecified",
    "secure": false,
    "session": false,
    "storeId": "0",
    "value": "1",
    "id": 58
  },
  {
    "domain": "www.avito.ru",
    "expirationDate": 1749408924,
    "hostOnly": true,
    "httpOnly": false,
    "name": "tmr_detect",
    "path": "/",
    "sameSite": "unspecified",
    "secure": false,
    "session": false,
    "storeId": "0",
    "value": "0%7C1749322524489",
    "id": 59
  },
  {
    "domain": "www.avito.ru",
    "expirationDate": 1751062128,
    "hostOnly": true,
    "httpOnly": false,
    "name": "yandex_monthly_cookie",
    "path": "/",
    "sameSite": "unspecified",
    "secure": false,
    "session": false,
    "storeId": "0",
    "value": "true",
    "id": 60
  }
]
